// !$*UTF8*$!
{
	archiveVersion = 1;
	classes = {
	};
	objectVersion = 50;
	objects = {

/* Begin PBXBuildFile section */
		4F1B1038243B2C2B00C3DDA1 /* NotificationTVC.swift in Sources */ = {isa = PBXBuildFile; fileRef = 4F1B1037243B2C2B00C3DDA1 /* NotificationTVC.swift */; };
		4F1B103A243B2C9600C3DDA1 /* EditTaskVC.swift in Sources */ = {isa = PBXBuildFile; fileRef = 4F1B1039243B2C9600C3DDA1 /* EditTaskVC.swift */; };
		4F1B103C243B2CB600C3DDA1 /* DataModel.swift in Sources */ = {isa = PBXBuildFile; fileRef = 4F1B103B243B2CB600C3DDA1 /* DataModel.swift */; };
		4F65B0F12431D38200BF24A0 /* AppDelegate.swift in Sources */ = {isa = PBXBuildFile; fileRef = 4F65B0F02431D38200BF24A0 /* AppDelegate.swift */; };
		4F65B0F32431D38200BF24A0 /* SceneDelegate.swift in Sources */ = {isa = PBXBuildFile; fileRef = 4F65B0F22431D38200BF24A0 /* SceneDelegate.swift */; };
		4F65B0F52431D38200BF24A0 /* TasksTVC.swift in Sources */ = {isa = PBXBuildFile; fileRef = 4F65B0F42431D38200BF24A0 /* TasksTVC.swift */; };
		4F65B0F72431D38200BF24A0 /* ProgressVC.swift in Sources */ = {isa = PBXBuildFile; fileRef = 4F65B0F62431D38200BF24A0 /* ProgressVC.swift */; };
		4F65B0FA2431D38200BF24A0 /* Main.storyboard in Resources */ = {isa = PBXBuildFile; fileRef = 4F65B0F82431D38200BF24A0 /* Main.storyboard */; };
		4F65B0FD2431D38200BF24A0 /* Asistante.xcdatamodeld in Sources */ = {isa = PBXBuildFile; fileRef = 4F65B0FB2431D38200BF24A0 /* Asistante.xcdatamodeld */; };
		4F65B0FF2431D38400BF24A0 /* Assets.xcassets in Resources */ = {isa = PBXBuildFile; fileRef = 4F65B0FE2431D38400BF24A0 /* Assets.xcassets */; };
		4F65B1022431D38400BF24A0 /* LaunchScreen.storyboard in Resources */ = {isa = PBXBuildFile; fileRef = 4F65B1002431D38400BF24A0 /* LaunchScreen.storyboard */; };
		4F65B10A24334DFF00BF24A0 /* BoardingViewController.swift in Sources */ = {isa = PBXBuildFile; fileRef = 4F65B10924334DFF00BF24A0 /* BoardingViewController.swift */; };
		4F91537F2438A7EF007F3E76 /* ActiveTaskCell.swift in Sources */ = {isa = PBXBuildFile; fileRef = 4F91537E2438A7EF007F3E76 /* ActiveTaskCell.swift */; };
		4F9153812438A826007F3E76 /* InactiveTaskCell.swift in Sources */ = {isa = PBXBuildFile; fileRef = 4F9153802438A826007F3E76 /* InactiveTaskCell.swift */; };
		4F9153832438D3B1007F3E76 /* TabBarController.swift in Sources */ = {isa = PBXBuildFile; fileRef = 4F9153822438D3B1007F3E76 /* TabBarController.swift */; };
		4F9153892438DE7E007F3E76 /* NewTaskVC.swift in Sources */ = {isa = PBXBuildFile; fileRef = 4F9153882438DE7E007F3E76 /* NewTaskVC.swift */; };
		4FAACE9A2443048600DF90F0 /* EditPriorityVC.swift in Sources */ = {isa = PBXBuildFile; fileRef = 4FAACE992443048600DF90F0 /* EditPriorityVC.swift */; };
		4FAACE9C2443070C00DF90F0 /* EditReminderVC.swift in Sources */ = {isa = PBXBuildFile; fileRef = 4FAACE9B2443070C00DF90F0 /* EditReminderVC.swift */; };
		4FAACE9E2443073300DF90F0 /* EditDueDateVC.swift in Sources */ = {isa = PBXBuildFile; fileRef = 4FAACE9D2443073300DF90F0 /* EditDueDateVC.swift */; };
		4FEA63F1243C8FA700731A2C /* EnterNameVC.swift in Sources */ = {isa = PBXBuildFile; fileRef = 4FEA63F0243C8FA700731A2C /* EnterNameVC.swift */; };
		4FEA63F3243DCAED00731A2C /* TaskPriorityVC.swift in Sources */ = {isa = PBXBuildFile; fileRef = 4FEA63F2243DCAED00731A2C /* TaskPriorityVC.swift */; };
		4FEB78B3243F655A00764B13 /* AddReminderVC.swift in Sources */ = {isa = PBXBuildFile; fileRef = 4FEB78B2243F655A00764B13 /* AddReminderVC.swift */; };
		4FEB78B724408D6300764B13 /* DelegateProtocol.swift in Sources */ = {isa = PBXBuildFile; fileRef = 4FEB78B624408D6300764B13 /* DelegateProtocol.swift */; };
		4FEB78B9244094EF00764B13 /* AddDueDateVC.swift in Sources */ = {isa = PBXBuildFile; fileRef = 4FEB78B8244094EF00764B13 /* AddDueDateVC.swift */; };
/* End PBXBuildFile section */

/* Begin PBXFileReference section */
		4F1B1037243B2C2B00C3DDA1 /* NotificationTVC.swift */ = {isa = PBXFileReference; lastKnownFileType = sourcecode.swift; path = NotificationTVC.swift; sourceTree = "<group>"; };
		4F1B1039243B2C9600C3DDA1 /* EditTaskVC.swift */ = {isa = PBXFileReference; lastKnownFileType = sourcecode.swift; path = EditTaskVC.swift; sourceTree = "<group>"; };
		4F1B103B243B2CB600C3DDA1 /* DataModel.swift */ = {isa = PBXFileReference; lastKnownFileType = sourcecode.swift; path = DataModel.swift; sourceTree = "<group>"; };
		4F65B0ED2431D38200BF24A0 /* Asistante.app */ = {isa = PBXFileReference; explicitFileType = wrapper.application; includeInIndex = 0; path = Asistante.app; sourceTree = BUILT_PRODUCTS_DIR; };
		4F65B0F02431D38200BF24A0 /* AppDelegate.swift */ = {isa = PBXFileReference; lastKnownFileType = sourcecode.swift; path = AppDelegate.swift; sourceTree = "<group>"; };
		4F65B0F22431D38200BF24A0 /* SceneDelegate.swift */ = {isa = PBXFileReference; lastKnownFileType = sourcecode.swift; path = SceneDelegate.swift; sourceTree = "<group>"; };
		4F65B0F42431D38200BF24A0 /* TasksTVC.swift */ = {isa = PBXFileReference; lastKnownFileType = sourcecode.swift; path = TasksTVC.swift; sourceTree = "<group>"; };
		4F65B0F62431D38200BF24A0 /* ProgressVC.swift */ = {isa = PBXFileReference; lastKnownFileType = sourcecode.swift; path = ProgressVC.swift; sourceTree = "<group>"; };
		4F65B0F92431D38200BF24A0 /* Base */ = {isa = PBXFileReference; lastKnownFileType = file.storyboard; name = Base; path = Base.lproj/Main.storyboard; sourceTree = "<group>"; };
		4F65B0FC2431D38200BF24A0 /* Asistante.xcdatamodel */ = {isa = PBXFileReference; lastKnownFileType = wrapper.xcdatamodel; path = Asistante.xcdatamodel; sourceTree = "<group>"; };
		4F65B0FE2431D38400BF24A0 /* Assets.xcassets */ = {isa = PBXFileReference; lastKnownFileType = folder.assetcatalog; path = Assets.xcassets; sourceTree = "<group>"; };
		4F65B1012431D38400BF24A0 /* Base */ = {isa = PBXFileReference; lastKnownFileType = file.storyboard; name = Base; path = Base.lproj/LaunchScreen.storyboard; sourceTree = "<group>"; };
		4F65B1032431D38400BF24A0 /* Info.plist */ = {isa = PBXFileReference; lastKnownFileType = text.plist.xml; path = Info.plist; sourceTree = "<group>"; };
		4F65B10924334DFF00BF24A0 /* BoardingViewController.swift */ = {isa = PBXFileReference; lastKnownFileType = sourcecode.swift; path = BoardingViewController.swift; sourceTree = "<group>"; };
		4F91537E2438A7EF007F3E76 /* ActiveTaskCell.swift */ = {isa = PBXFileReference; lastKnownFileType = sourcecode.swift; path = ActiveTaskCell.swift; sourceTree = "<group>"; };
		4F9153802438A826007F3E76 /* InactiveTaskCell.swift */ = {isa = PBXFileReference; lastKnownFileType = sourcecode.swift; path = InactiveTaskCell.swift; sourceTree = "<group>"; };
		4F9153822438D3B1007F3E76 /* TabBarController.swift */ = {isa = PBXFileReference; lastKnownFileType = sourcecode.swift; path = TabBarController.swift; sourceTree = "<group>"; };
		4F9153882438DE7E007F3E76 /* NewTaskVC.swift */ = {isa = PBXFileReference; lastKnownFileType = sourcecode.swift; path = NewTaskVC.swift; sourceTree = "<group>"; };
		4FAACE992443048600DF90F0 /* EditPriorityVC.swift */ = {isa = PBXFileReference; lastKnownFileType = sourcecode.swift; path = EditPriorityVC.swift; sourceTree = "<group>"; };
		4FAACE9B2443070C00DF90F0 /* EditReminderVC.swift */ = {isa = PBXFileReference; lastKnownFileType = sourcecode.swift; path = EditReminderVC.swift; sourceTree = "<group>"; };
		4FAACE9D2443073300DF90F0 /* EditDueDateVC.swift */ = {isa = PBXFileReference; lastKnownFileType = sourcecode.swift; path = EditDueDateVC.swift; sourceTree = "<group>"; };
		4FEA63F0243C8FA700731A2C /* EnterNameVC.swift */ = {isa = PBXFileReference; lastKnownFileType = sourcecode.swift; path = EnterNameVC.swift; sourceTree = "<group>"; };
		4FEA63F2243DCAED00731A2C /* TaskPriorityVC.swift */ = {isa = PBXFileReference; lastKnownFileType = sourcecode.swift; path = TaskPriorityVC.swift; sourceTree = "<group>"; };
		4FEB78B2243F655A00764B13 /* AddReminderVC.swift */ = {isa = PBXFileReference; lastKnownFileType = sourcecode.swift; path = AddReminderVC.swift; sourceTree = "<group>"; };
		4FEB78B624408D6300764B13 /* DelegateProtocol.swift */ = {isa = PBXFileReference; lastKnownFileType = sourcecode.swift; path = DelegateProtocol.swift; sourceTree = "<group>"; };
		4FEB78B8244094EF00764B13 /* AddDueDateVC.swift */ = {isa = PBXFileReference; lastKnownFileType = sourcecode.swift; path = AddDueDateVC.swift; sourceTree = "<group>"; };
/* End PBXFileReference section */

/* Begin PBXFrameworksBuildPhase section */
		4F65B0EA2431D38200BF24A0 /* Frameworks */ = {
			isa = PBXFrameworksBuildPhase;
			buildActionMask = 2147483647;
			files = (
			);
			runOnlyForDeploymentPostprocessing = 0;
		};
/* End PBXFrameworksBuildPhase section */

/* Begin PBXGroup section */
		4F1B1032243B283200C3DDA1 /* Delegates */ = {
			isa = PBXGroup;
			children = (
				4F65B0F02431D38200BF24A0 /* AppDelegate.swift */,
				4F65B0F22431D38200BF24A0 /* SceneDelegate.swift */,
				4FEB78B624408D6300764B13 /* DelegateProtocol.swift */,
			);
			path = Delegates;
			sourceTree = "<group>";
		};
		4F1B1033243B284400C3DDA1 /* View Controllers */ = {
			isa = PBXGroup;
			children = (
				4F65B10924334DFF00BF24A0 /* BoardingViewController.swift */,
				4FEA63F0243C8FA700731A2C /* EnterNameVC.swift */,
				4F9153822438D3B1007F3E76 /* TabBarController.swift */,
				4F65B0F42431D38200BF24A0 /* TasksTVC.swift */,
				4F9153882438DE7E007F3E76 /* NewTaskVC.swift */,
				4FEA63F2243DCAED00731A2C /* TaskPriorityVC.swift */,
				4FEB78B8244094EF00764B13 /* AddDueDateVC.swift */,
				4FEB78B2243F655A00764B13 /* AddReminderVC.swift */,
				4F1B1039243B2C9600C3DDA1 /* EditTaskVC.swift */,
				4FAACE9D2443073300DF90F0 /* EditDueDateVC.swift */,
				4FAACE9B2443070C00DF90F0 /* EditReminderVC.swift */,
				4FAACE992443048600DF90F0 /* EditPriorityVC.swift */,
				4F65B0F62431D38200BF24A0 /* ProgressVC.swift */,
				4F1B1037243B2C2B00C3DDA1 /* NotificationTVC.swift */,
			);
			path = "View Controllers";
			sourceTree = "<group>";
		};
		4F1B1034243B285F00C3DDA1 /* Storyboards */ = {
			isa = PBXGroup;
			children = (
				4F65B0F82431D38200BF24A0 /* Main.storyboard */,
				4F65B1002431D38400BF24A0 /* LaunchScreen.storyboard */,
			);
			path = Storyboards;
			sourceTree = "<group>";
		};
		4F1B1036243B296300C3DDA1 /* Custom UI Elements */ = {
			isa = PBXGroup;
			children = (
				4F91537E2438A7EF007F3E76 /* ActiveTaskCell.swift */,
				4F9153802438A826007F3E76 /* InactiveTaskCell.swift */,
			);
			path = "Custom UI Elements";
			sourceTree = "<group>";
		};
		4F65B0E42431D38200BF24A0 = {
			isa = PBXGroup;
			children = (
				4F65B0EF2431D38200BF24A0 /* Asistante */,
				4F65B0EE2431D38200BF24A0 /* Products */,
			);
			sourceTree = "<group>";
		};
		4F65B0EE2431D38200BF24A0 /* Products */ = {
			isa = PBXGroup;
			children = (
				4F65B0ED2431D38200BF24A0 /* Asistante.app */,
			);
			name = Products;
			sourceTree = "<group>";
		};
		4F65B0EF2431D38200BF24A0 /* Asistante */ = {
			isa = PBXGroup;
			children = (
				4F1B1032243B283200C3DDA1 /* Delegates */,
				4F1B1033243B284400C3DDA1 /* View Controllers */,
				4F1B1034243B285F00C3DDA1 /* Storyboards */,
				4F1B1036243B296300C3DDA1 /* Custom UI Elements */,
				4F65B0FE2431D38400BF24A0 /* Assets.xcassets */,
				4F65B0FB2431D38200BF24A0 /* Asistante.xcdatamodeld */,
				4F65B1032431D38400BF24A0 /* Info.plist */,
				4F1B103B243B2CB600C3DDA1 /* DataModel.swift */,
			);
			path = Asistante;
			sourceTree = "<group>";
		};
/* End PBXGroup section */

/* Begin PBXNativeTarget section */
		4F65B0EC2431D38200BF24A0 /* Asistante */ = {
			isa = PBXNativeTarget;
			buildConfigurationList = 4F65B1062431D38400BF24A0 /* Build configuration list for PBXNativeTarget "Asistante" */;
			buildPhases = (
				4F65B0E92431D38200BF24A0 /* Sources */,
				4F65B0EA2431D38200BF24A0 /* Frameworks */,
				4F65B0EB2431D38200BF24A0 /* Resources */,
			);
			buildRules = (
			);
			dependencies = (
			);
			name = Asistante;
			productName = Asistante;
			productReference = 4F65B0ED2431D38200BF24A0 /* Asistante.app */;
			productType = "com.apple.product-type.application";
		};
/* End PBXNativeTarget section */

/* Begin PBXProject section */
		4F65B0E52431D38200BF24A0 /* Project object */ = {
			isa = PBXProject;
			attributes = {
				LastSwiftUpdateCheck = 1130;
				LastUpgradeCheck = 1130;
				ORGANIZATIONNAME = com.tjakep;
				TargetAttributes = {
					4F65B0EC2431D38200BF24A0 = {
						CreatedOnToolsVersion = 11.3.1;
					};
				};
			};
			buildConfigurationList = 4F65B0E82431D38200BF24A0 /* Build configuration list for PBXProject "Asistante" */;
			compatibilityVersion = "Xcode 9.3";
			developmentRegion = en;
			hasScannedForEncodings = 0;
			knownRegions = (
				en,
				Base,
			);
			mainGroup = 4F65B0E42431D38200BF24A0;
			productRefGroup = 4F65B0EE2431D38200BF24A0 /* Products */;
			projectDirPath = "";
			projectRoot = "";
			targets = (
				4F65B0EC2431D38200BF24A0 /* Asistante */,
			);
		};
/* End PBXProject section */

/* Begin PBXResourcesBuildPhase section */
		4F65B0EB2431D38200BF24A0 /* Resources */ = {
			isa = PBXResourcesBuildPhase;
			buildActionMask = 2147483647;
			files = (
				4F65B1022431D38400BF24A0 /* LaunchScreen.storyboard in Resources */,
				4F65B0FF2431D38400BF24A0 /* Assets.xcassets in Resources */,
				4F65B0FA2431D38200BF24A0 /* Main.storyboard in Resources */,
			);
			runOnlyForDeploymentPostprocessing = 0;
		};
/* End PBXResourcesBuildPhase section */

/* Begin PBXSourcesBuildPhase section */
		4F65B0E92431D38200BF24A0 /* Sources */ = {
			isa = PBXSourcesBuildPhase;
			buildActionMask = 2147483647;
			files = (
				4FAACE9E2443073300DF90F0 /* EditDueDateVC.swift in Sources */,
				4FAACE9A2443048600DF90F0 /* EditPriorityVC.swift in Sources */,
				4F1B1038243B2C2B00C3DDA1 /* NotificationTVC.swift in Sources */,
				4FEB78B724408D6300764B13 /* DelegateProtocol.swift in Sources */,
				4F1B103A243B2C9600C3DDA1 /* EditTaskVC.swift in Sources */,
				4FAACE9C2443070C00DF90F0 /* EditReminderVC.swift in Sources */,
				4FEA63F3243DCAED00731A2C /* TaskPriorityVC.swift in Sources */,
				4F65B10A24334DFF00BF24A0 /* BoardingViewController.swift in Sources */,
				4FEB78B9244094EF00764B13 /* AddDueDateVC.swift in Sources */,
				4F65B0F72431D38200BF24A0 /* ProgressVC.swift in Sources */,
				4F9153892438DE7E007F3E76 /* NewTaskVC.swift in Sources */,
				4FEB78B3243F655A00764B13 /* AddReminderVC.swift in Sources */,
				4F65B0FD2431D38200BF24A0 /* Asistante.xcdatamodeld in Sources */,
				4F1B103C243B2CB600C3DDA1 /* DataModel.swift in Sources */,
				4F9153832438D3B1007F3E76 /* TabBarController.swift in Sources */,
				4F91537F2438A7EF007F3E76 /* ActiveTaskCell.swift in Sources */,
				4F65B0F52431D38200BF24A0 /* TasksTVC.swift in Sources */,
				4F65B0F12431D38200BF24A0 /* AppDelegate.swift in Sources */,
				4F65B0F32431D38200BF24A0 /* SceneDelegate.swift in Sources */,
				4FEA63F1243C8FA700731A2C /* EnterNameVC.swift in Sources */,
				4F9153812438A826007F3E76 /* InactiveTaskCell.swift in Sources */,
			);
			runOnlyForDeploymentPostprocessing = 0;
		};
/* End PBXSourcesBuildPhase section */

/* Begin PBXVariantGroup section */
		4F65B0F82431D38200BF24A0 /* Main.storyboard */ = {
			isa = PBXVariantGroup;
			children = (
				4F65B0F92431D38200BF24A0 /* Base */,
			);
			name = Main.storyboard;
			sourceTree = "<group>";
		};
		4F65B1002431D38400BF24A0 /* LaunchScreen.storyboard */ = {
			isa = PBXVariantGroup;
			children = (
				4F65B1012431D38400BF24A0 /* Base */,
			);
			name = LaunchScreen.storyboard;
			sourceTree = "<group>";
		};
/* End PBXVariantGroup section */

/* Begin XCBuildConfiguration section */
		4F65B1042431D38400BF24A0 /* Debug */ = {
			isa = XCBuildConfiguration;
			buildSettings = {
				ALWAYS_SEARCH_USER_PATHS = NO;
				CLANG_ANALYZER_NONNULL = YES;
				CLANG_ANALYZER_NUMBER_OBJECT_CONVERSION = YES_AGGRESSIVE;
				CLANG_CXX_LANGUAGE_STANDARD = "gnu++14";
				CLANG_CXX_LIBRARY = "libc++";
				CLANG_ENABLE_MODULES = YES;
				CLANG_ENABLE_OBJC_ARC = YES;
				CLANG_ENABLE_OBJC_WEAK = YES;
				CLANG_WARN_BLOCK_CAPTURE_AUTORELEASING = YES;
				CLANG_WARN_BOOL_CONVERSION = YES;
				CLANG_WARN_COMMA = YES;
				CLANG_WARN_CONSTANT_CONVERSION = YES;
				CLANG_WARN_DEPRECATED_OBJC_IMPLEMENTATIONS = YES;
				CLANG_WARN_DIRECT_OBJC_ISA_USAGE = YES_ERROR;
				CLANG_WARN_DOCUMENTATION_COMMENTS = YES;
				CLANG_WARN_EMPTY_BODY = YES;
				CLANG_WARN_ENUM_CONVERSION = YES;
				CLANG_WARN_INFINITE_RECURSION = YES;
				CLANG_WARN_INT_CONVERSION = YES;
				CLANG_WARN_NON_LITERAL_NULL_CONVERSION = YES;
				CLANG_WARN_OBJC_IMPLICIT_RETAIN_SELF = YES;
				CLANG_WARN_OBJC_LITERAL_CONVERSION = YES;
				CLANG_WARN_OBJC_ROOT_CLASS = YES_ERROR;
				CLANG_WARN_RANGE_LOOP_ANALYSIS = YES;
				CLANG_WARN_STRICT_PROTOTYPES = YES;
				CLANG_WARN_SUSPICIOUS_MOVE = YES;
				CLANG_WARN_UNGUARDED_AVAILABILITY = YES_AGGRESSIVE;
				CLANG_WARN_UNREACHABLE_CODE = YES;
				CLANG_WARN__DUPLICATE_METHOD_MATCH = YES;
				COPY_PHASE_STRIP = NO;
				DEBUG_INFORMATION_FORMAT = dwarf;
				ENABLE_STRICT_OBJC_MSGSEND = YES;
				ENABLE_TESTABILITY = YES;
				GCC_C_LANGUAGE_STANDARD = gnu11;
				GCC_DYNAMIC_NO_PIC = NO;
				GCC_NO_COMMON_BLOCKS = YES;
				GCC_OPTIMIZATION_LEVEL = 0;
				GCC_PREPROCESSOR_DEFINITIONS = (
					"DEBUG=1",
					"$(inherited)",
				);
				GCC_WARN_64_TO_32_BIT_CONVERSION = YES;
				GCC_WARN_ABOUT_RETURN_TYPE = YES_ERROR;
				GCC_WARN_UNDECLARED_SELECTOR = YES;
				GCC_WARN_UNINITIALIZED_AUTOS = YES_AGGRESSIVE;
				GCC_WARN_UNUSED_FUNCTION = YES;
				GCC_WARN_UNUSED_VARIABLE = YES;
				IPHONEOS_DEPLOYMENT_TARGET = 13.2;
				MTL_ENABLE_DEBUG_INFO = INCLUDE_SOURCE;
				MTL_FAST_MATH = YES;
				ONLY_ACTIVE_ARCH = YES;
				SDKROOT = iphoneos;
				SWIFT_ACTIVE_COMPILATION_CONDITIONS = DEBUG;
				SWIFT_OPTIMIZATION_LEVEL = "-Onone";
			};
			name = Debug;
		};
		4F65B1052431D38400BF24A0 /* Release */ = {
			isa = XCBuildConfiguration;
			buildSettings = {
				ALWAYS_SEARCH_USER_PATHS = NO;
				CLANG_ANALYZER_NONNULL = YES;
				CLANG_ANALYZER_NUMBER_OBJECT_CONVERSION = YES_AGGRESSIVE;
				CLANG_CXX_LANGUAGE_STANDARD = "gnu++14";
				CLANG_CXX_LIBRARY = "libc++";
				CLANG_ENABLE_MODULES = YES;
				CLANG_ENABLE_OBJC_ARC = YES;
				CLANG_ENABLE_OBJC_WEAK = YES;
				CLANG_WARN_BLOCK_CAPTURE_AUTORELEASING = YES;
				CLANG_WARN_BOOL_CONVERSION = YES;
				CLANG_WARN_COMMA = YES;
				CLANG_WARN_CONSTANT_CONVERSION = YES;
				CLANG_WARN_DEPRECATED_OBJC_IMPLEMENTATIONS = YES;
				CLANG_WARN_DIRECT_OBJC_ISA_USAGE = YES_ERROR;
				CLANG_WARN_DOCUMENTATION_COMMENTS = YES;
				CLANG_WARN_EMPTY_BODY = YES;
				CLANG_WARN_ENUM_CONVERSION = YES;
				CLANG_WARN_INFINITE_RECURSION = YES;
				CLANG_WARN_INT_CONVERSION = YES;
				CLANG_WARN_NON_LITERAL_NULL_CONVERSION = YES;
				CLANG_WARN_OBJC_IMPLICIT_RETAIN_SELF = YES;
				CLANG_WARN_OBJC_LITERAL_CONVERSION = YES;
				CLANG_WARN_OBJC_ROOT_CLASS = YES_ERROR;
				CLANG_WARN_RANGE_LOOP_ANALYSIS = YES;
				CLANG_WARN_STRICT_PROTOTYPES = YES;
				CLANG_WARN_SUSPICIOUS_MOVE = YES;
				CLANG_WARN_UNGUARDED_AVAILABILITY = YES_AGGRESSIVE;
				CLANG_WARN_UNREACHABLE_CODE = YES;
				CLANG_WARN__DUPLICATE_METHOD_MATCH = YES;
				COPY_PHASE_STRIP = NO;
				DEBUG_INFORMATION_FORMAT = "dwarf-with-dsym";
				ENABLE_NS_ASSERTIONS = NO;
				ENABLE_STRICT_OBJC_MSGSEND = YES;
				GCC_C_LANGUAGE_STANDARD = gnu11;
				GCC_NO_COMMON_BLOCKS = YES;
				GCC_WARN_64_TO_32_BIT_CONVERSION = YES;
				GCC_WARN_ABOUT_RETURN_TYPE = YES_ERROR;
				GCC_WARN_UNDECLARED_SELECTOR = YES;
				GCC_WARN_UNINITIALIZED_AUTOS = YES_AGGRESSIVE;
				GCC_WARN_UNUSED_FUNCTION = YES;
				GCC_WARN_UNUSED_VARIABLE = YES;
				IPHONEOS_DEPLOYMENT_TARGET = 13.2;
				MTL_ENABLE_DEBUG_INFO = NO;
				MTL_FAST_MATH = YES;
				SDKROOT = iphoneos;
				SWIFT_COMPILATION_MODE = wholemodule;
				SWIFT_OPTIMIZATION_LEVEL = "-O";
				VALIDATE_PRODUCT = YES;
			};
			name = Release;
		};
		4F65B1072431D38400BF24A0 /* Debug */ = {
			isa = XCBuildConfiguration;
			buildSettings = {
				ASSETCATALOG_COMPILER_APPICON_NAME = AppIcon;
				CODE_SIGN_STYLE = Automatic;
				DEVELOPMENT_TEAM = 8T77C8L6C9;
				INFOPLIST_FILE = Asistante/Info.plist;
				LD_RUNPATH_SEARCH_PATHS = (
					"$(inherited)",
					"@executable_path/Frameworks",
				);
				PRODUCT_BUNDLE_IDENTIFIER = Tjakep.Asistante;
				PRODUCT_NAME = "$(TARGET_NAME)";
				SWIFT_VERSION = 5.0;
				TARGETED_DEVICE_FAMILY = "1,2";
			};
			name = Debug;
		};
		4F65B1082431D38400BF24A0 /* Release */ = {
			isa = XCBuildConfiguration;
			buildSettings = {
				ASSETCATALOG_COMPILER_APPICON_NAME = AppIcon;
				CODE_SIGN_STYLE = Automatic;
				DEVELOPMENT_TEAM = 8T77C8L6C9;
				INFOPLIST_FILE = Asistante/Info.plist;
				LD_RUNPATH_SEARCH_PATHS = (
					"$(inherited)",
					"@executable_path/Frameworks",
				);
				PRODUCT_BUNDLE_IDENTIFIER = Tjakep.Asistante;
				PRODUCT_NAME = "$(TARGET_NAME)";
				SWIFT_VERSION = 5.0;
				TARGETED_DEVICE_FAMILY = "1,2";
			};
			name = Release;
		};
/* End XCBuildConfiguration section */

/* Begin XCConfigurationList section */
		4F65B0E82431D38200BF24A0 /* Build configuration list for PBXProject "Asistante" */ = {
			isa = XCConfigurationList;
			buildConfigurations = (
				4F65B1042431D38400BF24A0 /* Debug */,
				4F65B1052431D38400BF24A0 /* Release */,
			);
			defaultConfigurationIsVisible = 0;
			defaultConfigurationName = Release;
		};
		4F65B1062431D38400BF24A0 /* Build configuration list for PBXNativeTarget "Asistante" */ = {
			isa = XCConfigurationList;
			buildConfigurations = (
				4F65B1072431D38400BF24A0 /* Debug */,
				4F65B1082431D38400BF24A0 /* Release */,
			);
			defaultConfigurationIsVisible = 0;
			defaultConfigurationName = Release;
		};
/* End XCConfigurationList section */

/* Begin XCVersionGroup section */
		4F65B0FB2431D38200BF24A0 /* Asistante.xcdatamodeld */ = {
			isa = XCVersionGroup;
			children = (
				4F65B0FC2431D38200BF24A0 /* Asistante.xcdatamodel */,
			);
			currentVersion = 4F65B0FC2431D38200BF24A0 /* Asistante.xcdatamodel */;
			path = Asistante.xcdatamodeld;
			sourceTree = "<group>";
			versionGroupType = wrapper.xcdatamodel;
		};
/* End XCVersionGroup section */
	};
	rootObject = 4F65B0E52431D38200BF24A0 /* Project object */;
}
